
Microsoft Visual Studio Solution File, Format Version 12.00
# Visual Studio Version 17
VisualStudioVersion = 17.5.33502.453
MinimumVisualStudioVersion = 10.0.40219.1
Project("{FAE04EC0-301F-11D3-BF4B-00C04F79EFBC}") = "RecipeApp", "RecipeApp\RecipeApp.csproj", "{7BB6A233-8C5D-4C2B-82C6-8B9CEE42A5DA}"
EndProject
Global
	GlobalSection(SolutionConfigurationPlatforms) = preSolution
		Debug|Any CPU = Debug|Any CPU
		Release|Any CPU = Release|Any CPU
	EndGlobalSection
	GlobalSection(ProjectConfigurationPlatforms) = postSolution
		{7BB6A233-8C5D-4C2B-82C6-8B9CEE42A5DA}.Debug|Any CPU.ActiveCfg = Debug|Any CPU
		{7BB6A233-8C5D-4C2B-82C6-8B9CEE42A5DA}.Debug|Any CPU.Build.0 = Debug|Any CPU
		{7BB6A233-8C5D-4C2B-82C6-8B9CEE42A5DA}.Release|Any CPU.ActiveCfg = Release|Any CPU
		{7BB6A233-8C5D-4C2B-82C6-8B9CEE42A5DA}.Release|Any CPU.Build.0 = Release|Any CPU
	EndGlobalSection
	GlobalSection(SolutionProperties) = preSolution
		HideSolutionNode = FALSE
	EndGlobalSection
	GlobalSection(ExtensibilityGlobals) = postSolution
		SolutionGuid = {A0F7265C-4D50-4B4D-8799-ED9E6A5D8C13}
	EndGlobalSection
EndGlobal
